
Microsoft Visual Studio Solution File, Format Version 12.00
# Visual Studio 15
VisualStudioVersion = 15.0.28307.102
MinimumVisualStudioVersion = 10.0.40219.1
Project("{FAE04EC0-301F-11D3-BF4B-00C04F79EFBC}") = "MathQuiz", "MathQuiz\MathQuiz.csproj", "{389E071C-A61F-410F-BF01-3CB3AEF09700}"
EndProject
Global
	GlobalSection(SolutionConfigurationPlatforms) = preSolution
		Debug|Any CPU = Debug|Any CPU
		Release|Any CPU = Release|Any CPU
	EndGlobalSection
	GlobalSection(ProjectConfigurationPlatforms) = postSolution
		{389E071C-A61F-410F-BF01-3CB3AEF09700}.Debug|Any CPU.ActiveCfg = Debug|Any CPU
		{389E071C-A61F-410F-BF01-3CB3AEF09700}.Debug|Any CPU.Build.0 = Debug|Any CPU
		{389E071C-A61F-410F-BF01-3CB3AEF09700}.Release|Any CPU.ActiveCfg = Release|Any CPU
		{389E071C-A61F-410F-BF01-3CB3AEF09700}.Release|Any CPU.Build.0 = Release|Any CPU
	EndGlobalSection
	GlobalSection(SolutionProperties) = preSolution
		HideSolutionNode = FALSE
	EndGlobalSection
	GlobalSection(ExtensibilityGlobals) = postSolution
		SolutionGuid = {38DEC095-7EA2-4FBC-9A4F-7E7AA153D093}
	EndGlobalSection
EndGlobal
